
Microsoft Visual Studio Solution File, Format Version 12.00
# Visual Studio Version 17
VisualStudioVersion = 17.6.33723.286
MinimumVisualStudioVersion = 10.0.40219.1
Project("{FAE04EC0-301F-11D3-BF4B-00C04F79EFBC}") = "Entrevista.Form", "Entrevista.Form\Entrevista.Form.csproj", "{0A12EB70-31F0-41A3-8B14-2F6E12466CBA}"
EndProject
Global
	GlobalSection(SolutionConfigurationPlatforms) = preSolution
		Debug|Any CPU = Debug|Any CPU
		Release|Any CPU = Release|Any CPU
	EndGlobalSection
	GlobalSection(ProjectConfigurationPlatforms) = postSolution
		{0A12EB70-31F0-41A3-8B14-2F6E12466CBA}.Debug|Any CPU.ActiveCfg = Debug|Any CPU
		{0A12EB70-31F0-41A3-8B14-2F6E12466CBA}.Debug|Any CPU.Build.0 = Debug|Any CPU
		{0A12EB70-31F0-41A3-8B14-2F6E12466CBA}.Release|Any CPU.ActiveCfg = Release|Any CPU
		{0A12EB70-31F0-41A3-8B14-2F6E12466CBA}.Release|Any CPU.Build.0 = Release|Any CPU
	EndGlobalSection
	GlobalSection(SolutionProperties) = preSolution
		HideSolutionNode = FALSE
	EndGlobalSection
	GlobalSection(ExtensibilityGlobals) = postSolution
		SolutionGuid = {B1BFD6F6-E095-40AD-9C35-871419A62074}
	EndGlobalSection
EndGlobal
